
Microsoft Visual Studio Solution File, Format Version 12.00
# Visual Studio Version 17
VisualStudioVersion = 17.2.32516.85
MinimumVisualStudioVersion = 10.0.40219.1
Project("{FAE04EC0-301F-11D3-BF4B-00C04F79EFBC}") = "BazaOsobZaginionych", "BazaOsobZaginionych.csproj", "{2EBE9FB5-6080-40FF-8796-8462C8AEA888}"
EndProject
Global
	GlobalSection(SolutionConfigurationPlatforms) = preSolution
		Debug|Any CPU = Debug|Any CPU
		Release|Any CPU = Release|Any CPU
	EndGlobalSection
	GlobalSection(ProjectConfigurationPlatforms) = postSolution
		{2EBE9FB5-6080-40FF-8796-8462C8AEA888}.Debug|Any CPU.ActiveCfg = Debug|Any CPU
		{2EBE9FB5-6080-40FF-8796-8462C8AEA888}.Debug|Any CPU.Build.0 = Debug|Any CPU
		{2EBE9FB5-6080-40FF-8796-8462C8AEA888}.Release|Any CPU.ActiveCfg = Release|Any CPU
		{2EBE9FB5-6080-40FF-8796-8462C8AEA888}.Release|Any CPU.Build.0 = Release|Any CPU
	EndGlobalSection
	GlobalSection(SolutionProperties) = preSolution
		HideSolutionNode = FALSE
	EndGlobalSection
	GlobalSection(ExtensibilityGlobals) = postSolution
		SolutionGuid = {38F28B99-A791-4AE2-AA6B-FE2292307511}
	EndGlobalSection
EndGlobal
